
Microsoft Visual Studio Solution File, Format Version 12.00
# Visual Studio Version 16
VisualStudioVersion = 16.0.30503.244
MinimumVisualStudioVersion = 10.0.40219.1
Project("{FAE04EC0-301F-11D3-BF4B-00C04F79EFBC}") = "MaxUsingGenerics", "MaxUsingGenerics.csproj", "{75ED85C2-B820-4AF7-84BD-9FF6D4C34644}"
EndProject
Project("{FAE04EC0-301F-11D3-BF4B-00C04F79EFBC}") = "MaxUsingGenericsTest", "..\MaxUsingGenericsTest\MaxUsingGenericsTest.csproj", "{0D6790E0-6C16-430C-9BA9-7CD342D5E6A5}"
EndProject
Global
	GlobalSection(SolutionConfigurationPlatforms) = preSolution
		Debug|Any CPU = Debug|Any CPU
		Release|Any CPU = Release|Any CPU
	EndGlobalSection
	GlobalSection(ProjectConfigurationPlatforms) = postSolution
		{75ED85C2-B820-4AF7-84BD-9FF6D4C34644}.Debug|Any CPU.ActiveCfg = Debug|Any CPU
		{75ED85C2-B820-4AF7-84BD-9FF6D4C34644}.Debug|Any CPU.Build.0 = Debug|Any CPU
		{75ED85C2-B820-4AF7-84BD-9FF6D4C34644}.Release|Any CPU.ActiveCfg = Release|Any CPU
		{75ED85C2-B820-4AF7-84BD-9FF6D4C34644}.Release|Any CPU.Build.0 = Release|Any CPU
		{0D6790E0-6C16-430C-9BA9-7CD342D5E6A5}.Debug|Any CPU.ActiveCfg = Debug|Any CPU
		{0D6790E0-6C16-430C-9BA9-7CD342D5E6A5}.Debug|Any CPU.Build.0 = Debug|Any CPU
		{0D6790E0-6C16-430C-9BA9-7CD342D5E6A5}.Release|Any CPU.ActiveCfg = Release|Any CPU
		{0D6790E0-6C16-430C-9BA9-7CD342D5E6A5}.Release|Any CPU.Build.0 = Release|Any CPU
	EndGlobalSection
	GlobalSection(SolutionProperties) = preSolution
		HideSolutionNode = FALSE
	EndGlobalSection
	GlobalSection(ExtensibilityGlobals) = postSolution
		SolutionGuid = {A44A0CCA-11E4-4323-B75F-1F817F307672}
	EndGlobalSection
EndGlobal
